// !$*UTF8*$!
{
	archiveVersion = 1;
	classes = {
	};
	objectVersion = 46;
	objects = {

/* Begin PBXBuildFile section */
		EB44F0B81F119515009C8028 /* AppDelegate.swift in Sources */ = {isa = PBXBuildFile; fileRef = EB44F0B71F119515009C8028 /* AppDelegate.swift */; };
		EB44F0BA1F119515009C8028 /* ViewController.swift in Sources */ = {isa = PBXBuildFile; fileRef = EB44F0B91F119515009C8028 /* ViewController.swift */; };
		EB44F0BD1F119515009C8028 /* Main.storyboard in Resources */ = {isa = PBXBuildFile; fileRef = EB44F0BB1F119515009C8028 /* Main.storyboard */; };
		EB44F0BF1F119515009C8028 /* Assets.xcassets in Resources */ = {isa = PBXBuildFile; fileRef = EB44F0BE1F119515009C8028 /* Assets.xcassets */; };
		EB44F0C21F119515009C8028 /* LaunchScreen.storyboard in Resources */ = {isa = PBXBuildFile; fileRef = EB44F0C01F119515009C8028 /* LaunchScreen.storyboard */; };
		EB44F0CD1F119515009C8028 /* Ideal_Octo_InventionTests.swift in Sources */ = {isa = PBXBuildFile; fileRef = EB44F0CC1F119515009C8028 /* Ideal_Octo_InventionTests.swift */; };
		EB44F0D81F119515009C8028 /* Ideal_Octo_InventionUITests.swift in Sources */ = {isa = PBXBuildFile; fileRef = EB44F0D71F119515009C8028 /* Ideal_Octo_InventionUITests.swift */; };
/* End PBXBuildFile section */

/* Begin PBXContainerItemProxy section */
		EB44F0C91F119515009C8028 /* PBXContainerItemProxy */ = {
			isa = PBXContainerItemProxy;
			containerPortal = EB44F0AC1F119514009C8028 /* Project object */;
			proxyType = 1;
			remoteGlobalIDString = EB44F0B31F119515009C8028;
			remoteInfo = "Ideal-Octo-Invention";
		};
		EB44F0D41F119515009C8028 /* PBXContainerItemProxy */ = {
			isa = PBXContainerItemProxy;
			containerPortal = EB44F0AC1F119514009C8028 /* Project object */;
			proxyType = 1;
			remoteGlobalIDString = EB44F0B31F119515009C8028;
			remoteInfo = "Ideal-Octo-Invention";
		};
/* End PBXContainerItemProxy section */

/* Begin PBXFileReference section */
		EB44F0B41F119515009C8028 /* Ideal-Octo-Invention.app */ = {isa = PBXFileReference; explicitFileType = wrapper.application; includeInIndex = 0; path = "Ideal-Octo-Invention.app"; sourceTree = BUILT_PRODUCTS_DIR; };
		EB44F0B71F119515009C8028 /* AppDelegate.swift */ = {isa = PBXFileReference; lastKnownFileType = sourcecode.swift; path = AppDelegate.swift; sourceTree = "<group>"; };
		EB44F0B91F119515009C8028 /* ViewController.swift */ = {isa = PBXFileReference; lastKnownFileType = sourcecode.swift; path = ViewController.swift; sourceTree = "<group>"; };
		EB44F0BC1F119515009C8028 /* Base */ = {isa = PBXFileReference; lastKnownFileType = file.storyboard; name = Base; path = Base.lproj/Main.storyboard; sourceTree = "<group>"; };
		EB44F0BE1F119515009C8028 /* Assets.xcassets */ = {isa = PBXFileReference; lastKnownFileType = folder.assetcatalog; path = Assets.xcassets; sourceTree = "<group>"; };
		EB44F0C11F119515009C8028 /* Base */ = {isa = PBXFileReference; lastKnownFileType = file.storyboard; name = Base; path = Base.lproj/LaunchScreen.storyboard; sourceTree = "<group>"; };
		EB44F0C31F119515009C8028 /* Info.plist */ = {isa = PBXFileReference; lastKnownFileType = text.plist.xml; path = Info.plist; sourceTree = "<group>"; };
		EB44F0C81F119515009C8028 /* Ideal-Octo-InventionTests.xctest */ = {isa = PBXFileReference; explicitFileType = wrapper.cfbundle; includeInIndex = 0; path = "Ideal-Octo-InventionTests.xctest"; sourceTree = BUILT_PRODUCTS_DIR; };
		EB44F0CC1F119515009C8028 /* Ideal_Octo_InventionTests.swift */ = {isa = PBXFileReference; lastKnownFileType = sourcecode.swift; path = Ideal_Octo_InventionTests.swift; sourceTree = "<group>"; };
		EB44F0CE1F119515009C8028 /* Info.plist */ = {isa = PBXFileReference; lastKnownFileType = text.plist.xml; path = Info.plist; sourceTree = "<group>"; };
		EB44F0D31F119515009C8028 /* Ideal-Octo-InventionUITests.xctest */ = {isa = PBXFileReference; explicitFileType = wrapper.cfbundle; includeInIndex = 0; path = "Ideal-Octo-InventionUITests.xctest"; sourceTree = BUILT_PRODUCTS_DIR; };
		EB44F0D71F119515009C8028 /* Ideal_Octo_InventionUITests.swift */ = {isa = PBXFileReference; lastKnownFileType = sourcecode.swift; path = Ideal_Octo_InventionUITests.swift; sourceTree = "<group>"; };
		EB44F0D91F119515009C8028 /* Info.plist */ = {isa = PBXFileReference; lastKnownFileType = text.plist.xml; path = Info.plist; sourceTree = "<group>"; };
/* End PBXFileReference section */

/* Begin PBXFrameworksBuildPhase section */
		EB44F0B11F119515009C8028 /* Frameworks */ = {
			isa = PBXFrameworksBuildPhase;
			buildActionMask = 2147483647;
			files = (
			);
			runOnlyForDeploymentPostprocessing = 0;
		};
		EB44F0C51F119515009C8028 /* Frameworks */ = {
			isa = PBXFrameworksBuildPhase;
			buildActionMask = 2147483647;
			files = (
			);
			runOnlyForDeploymentPostprocessing = 0;
		};
		EB44F0D01F119515009C8028 /* Frameworks */ = {
			isa = PBXFrameworksBuildPhase;
			buildActionMask = 2147483647;
			files = (
			);
			runOnlyForDeploymentPostprocessing = 0;
		};
/* End PBXFrameworksBuildPhase section */

/* Begin PBXGroup section */
		EB44F0AB1F119514009C8028 = {
			isa = PBXGroup;
			children = (
				EB44F0B61F119515009C8028 /* Ideal-Octo-Invention */,
				EB44F0CB1F119515009C8028 /* Ideal-Octo-InventionTests */,
				EB44F0D61F119515009C8028 /* Ideal-Octo-InventionUITests */,
				EB44F0B51F119515009C8028 /* Products */,
			);
			sourceTree = "<group>";
		};
		EB44F0B51F119515009C8028 /* Products */ = {
			isa = PBXGroup;
			children = (
				EB44F0B41F119515009C8028 /* Ideal-Octo-Invention.app */,
				EB44F0C81F119515009C8028 /* Ideal-Octo-InventionTests.xctest */,
				EB44F0D31F119515009C8028 /* Ideal-Octo-InventionUITests.xctest */,
			);
			name = Products;
			sourceTree = "<group>";
		};
		EB44F0B61F119515009C8028 /* Ideal-Octo-Invention */ = {
			isa = PBXGroup;
			children = (
				EB44F0B71F119515009C8028 /* AppDelegate.swift */,
				EB44F0B91F119515009C8028 /* ViewController.swift */,
				EB44F0BB1F119515009C8028 /* Main.storyboard */,
				EB44F0BE1F119515009C8028 /* Assets.xcassets */,
				EB44F0C01F119515009C8028 /* LaunchScreen.storyboard */,
				EB44F0C31F119515009C8028 /* Info.plist */,
			);
			path = "Ideal-Octo-Invention";
			sourceTree = "<group>";
		};
		EB44F0CB1F119515009C8028 /* Ideal-Octo-InventionTests */ = {
			isa = PBXGroup;
			children = (
				EB44F0CC1F119515009C8028 /* Ideal_Octo_InventionTests.swift */,
				EB44F0CE1F119515009C8028 /* Info.plist */,
			);
			path = "Ideal-Octo-InventionTests";
			sourceTree = "<group>";
		};
		EB44F0D61F119515009C8028 /* Ideal-Octo-InventionUITests */ = {
			isa = PBXGroup;
			children = (
				EB44F0D71F119515009C8028 /* Ideal_Octo_InventionUITests.swift */,
				EB44F0D91F119515009C8028 /* Info.plist */,
			);
			path = "Ideal-Octo-InventionUITests";
			sourceTree = "<group>";
		};
/* End PBXGroup section */

/* Begin PBXNativeTarget section */
		EB44F0B31F119515009C8028 /* Ideal-Octo-Invention */ = {
			isa = PBXNativeTarget;
			buildConfigurationList = EB44F0DC1F119515009C8028 /* Build configuration list for PBXNativeTarget "Ideal-Octo-Invention" */;
			buildPhases = (
				EB44F0B01F119515009C8028 /* Sources */,
				EB44F0B11F119515009C8028 /* Frameworks */,
				EB44F0B21F119515009C8028 /* Resources */,
			);
			buildRules = (
			);
			dependencies = (
			);
			name = "Ideal-Octo-Invention";
			productName = "Ideal-Octo-Invention";
			productReference = EB44F0B41F119515009C8028 /* Ideal-Octo-Invention.app */;
			productType = "com.apple.product-type.application";
		};
		EB44F0C71F119515009C8028 /* Ideal-Octo-InventionTests */ = {
			isa = PBXNativeTarget;
			buildConfigurationList = EB44F0DF1F119515009C8028 /* Build configuration list for PBXNativeTarget "Ideal-Octo-InventionTests" */;
			buildPhases = (
				EB44F0C41F119515009C8028 /* Sources */,
				EB44F0C51F119515009C8028 /* Frameworks */,
				EB44F0C61F119515009C8028 /* Resources */,
			);
			buildRules = (
			);
			dependencies = (
				EB44F0CA1F119515009C8028 /* PBXTargetDependency */,
			);
			name = "Ideal-Octo-InventionTests";
			productName = "Ideal-Octo-InventionTests";
			productReference = EB44F0C81F119515009C8028 /* Ideal-Octo-InventionTests.xctest */;
			productType = "com.apple.product-type.bundle.unit-test";
		};
		EB44F0D21F119515009C8028 /* Ideal-Octo-InventionUITests */ = {
			isa = PBXNativeTarget;
			buildConfigurationList = EB44F0E21F119515009C8028 /* Build configuration list for PBXNativeTarget "Ideal-Octo-InventionUITests" */;
			buildPhases = (
				EB44F0CF1F119515009C8028 /* Sources */,
				EB44F0D01F119515009C8028 /* Frameworks */,
				EB44F0D11F119515009C8028 /* Resources */,
			);
			buildRules = (
			);
			dependencies = (
				EB44F0D51F119515009C8028 /* PBXTargetDependency */,
			);
			name = "Ideal-Octo-InventionUITests";
			productName = "Ideal-Octo-InventionUITests";
			productReference = EB44F0D31F119515009C8028 /* Ideal-Octo-InventionUITests.xctest */;
			productType = "com.apple.product-type.bundle.ui-testing";
		};
/* End PBXNativeTarget section */

/* Begin PBXProject section */
		EB44F0AC1F119514009C8028 /* Project object */ = {
			isa = PBXProject;
			attributes = {
				LastSwiftUpdateCheck = 0830;
				LastUpgradeCheck = 0830;
				ORGANIZATIONNAME = "George Heming";
				TargetAttributes = {
					EB44F0B31F119515009C8028 = {
						CreatedOnToolsVersion = 8.3.3;
						ProvisioningStyle = Automatic;
					};
					EB44F0C71F119515009C8028 = {
						CreatedOnToolsVersion = 8.3.3;
						ProvisioningStyle = Automatic;
						TestTargetID = EB44F0B31F119515009C8028;
					};
					EB44F0D21F119515009C8028 = {
						CreatedOnToolsVersion = 8.3.3;
						ProvisioningStyle = Automatic;
						TestTargetID = EB44F0B31F119515009C8028;
					};
				};
			};
			buildConfigurationList = EB44F0AF1F119514009C8028 /* Build configuration list for PBXProject "Ideal-Octo-Invention" */;
			compatibilityVersion = "Xcode 3.2";
			developmentRegion = English;
			hasScannedForEncodings = 0;
			knownRegions = (
				en,
				Base,
			);
			mainGroup = EB44F0AB1F119514009C8028;
			productRefGroup = EB44F0B51F119515009C8028 /* Products */;
			projectDirPath = "";
			projectRoot = "";
			targets = (
				EB44F0B31F119515009C8028 /* Ideal-Octo-Invention */,
				EB44F0C71F119515009C8028 /* Ideal-Octo-InventionTests */,
				EB44F0D21F119515009C8028 /* Ideal-Octo-InventionUITests */,
			);
		};
/* End PBXProject section */

/* Begin PBXResourcesBuildPhase section */
		EB44F0B21F119515009C8028 /* Resources */ = {
			isa = PBXResourcesBuildPhase;
			buildActionMask = 2147483647;
			files = (
				EB44F0C21F119515009C8028 /* LaunchScreen.storyboard in Resources */,
				EB44F0BF1F119515009C8028 /* Assets.xcassets in Resources */,
				EB44F0BD1F119515009C8028 /* Main.storyboard in Resources */,
			);
			runOnlyForDeploymentPostprocessing = 0;
		};
		EB44F0C61F119515009C8028 /* Resources */ = {
			isa = PBXResourcesBuildPhase;
			buildActionMask = 2147483647;
			files = (
			);
			runOnlyForDeploymentPostprocessing = 0;
		};
		EB44F0D11F119515009C8028 /* Resources */ = {
			isa = PBXResourcesBuildPhase;
			buildActionMask = 2147483647;
			files = (
			);
			runOnlyForDeploymentPostprocessing = 0;
		};
/* End PBXResourcesBuildPhase section */

/* Begin PBXSourcesBuildPhase section */
		EB44F0B01F119515009C8028 /* Sources */ = {
			isa = PBXSourcesBuildPhase;
			buildActionMask = 2147483647;
			files = (
				EB44F0BA1F119515009C8028 /* ViewController.swift in Sources */,
				EB44F0B81F119515009C8028 /* AppDelegate.swift in Sources */,
			);
			runOnlyForDeploymentPostprocessing = 0;
		};
		EB44F0C41F119515009C8028 /* Sources */ = {
			isa = PBXSourcesBuildPhase;
			buildActionMask = 2147483647;
			files = (
				EB44F0CD1F119515009C8028 /* Ideal_Octo_InventionTests.swift in Sources */,
			);
			runOnlyForDeploymentPostprocessing = 0;
		};
		EB44F0CF1F119515009C8028 /* Sources */ = {
			isa = PBXSourcesBuildPhase;
			buildActionMask = 2147483647;
			files = (
				EB44F0D81F119515009C8028 /* Ideal_Octo_InventionUITests.swift in Sources */,
			);
			runOnlyForDeploymentPostprocessing = 0;
		};
/* End PBXSourcesBuildPhase section */

/* Begin PBXTargetDependency section */
		EB44F0CA1F119515009C8028 /* PBXTargetDependency */ = {
			isa = PBXTargetDependency;
			target = EB44F0B31F119515009C8028 /* Ideal-Octo-Invention */;
			targetProxy = EB44F0C91F119515009C8028 /* PBXContainerItemProxy */;
		};
		EB44F0D51F119515009C8028 /* PBXTargetDependency */ = {
			isa = PBXTargetDependency;
			target = EB44F0B31F119515009C8028 /* Ideal-Octo-Invention */;
			targetProxy = EB44F0D41F119515009C8028 /* PBXContainerItemProxy */;
		};
/* End PBXTargetDependency section */

/* Begin PBXVariantGroup section */
		EB44F0BB1F119515009C8028 /* Main.storyboard */ = {
			isa = PBXVariantGroup;
			children = (
				EB44F0BC1F119515009C8028 /* Base */,
			);
			name = Main.storyboard;
			sourceTree = "<group>";
		};
		EB44F0C01F119515009C8028 /* LaunchScreen.storyboard */ = {
			isa = PBXVariantGroup;
			children = (
				EB44F0C11F119515009C8028 /* Base */,
			);
			name = LaunchScreen.storyboard;
			sourceTree = "<group>";
		};
/* End PBXVariantGroup section */

/* Begin XCBuildConfiguration section */
		EB44F0DA1F119515009C8028 /* Debug */ = {
			isa = XCBuildConfiguration;
			buildSettings = {
				ALWAYS_SEARCH_USER_PATHS = NO;
				CLANG_ANALYZER_NONNULL = YES;
				CLANG_ANALYZER_NUMBER_OBJECT_CONVERSION = YES_AGGRESSIVE;
				CLANG_CXX_LANGUAGE_STANDARD = "gnu++0x";
				CLANG_CXX_LIBRARY = "libc++";
				CLANG_ENABLE_MODULES = YES;
				CLANG_ENABLE_OBJC_ARC = YES;
				CLANG_WARN_BOOL_CONVERSION = YES;
				CLANG_WARN_CONSTANT_CONVERSION = YES;
				CLANG_WARN_DIRECT_OBJC_ISA_USAGE = YES_ERROR;
				CLANG_WARN_DOCUMENTATION_COMMENTS = YES;
				CLANG_WARN_EMPTY_BODY = YES;
				CLANG_WARN_ENUM_CONVERSION = YES;
				CLANG_WARN_INFINITE_RECURSION = YES;
				CLANG_WARN_INT_CONVERSION = YES;
				CLANG_WARN_OBJC_ROOT_CLASS = YES_ERROR;
				CLANG_WARN_SUSPICIOUS_MOVE = YES;
				CLANG_WARN_UNREACHABLE_CODE = YES;
				CLANG_WARN__DUPLICATE_METHOD_MATCH = YES;
				"CODE_SIGN_IDENTITY[sdk=iphoneos*]" = "iPhone Developer";
				COPY_PHASE_STRIP = NO;
				DEBUG_INFORMATION_FORMAT = dwarf;
				ENABLE_STRICT_OBJC_MSGSEND = YES;
				ENABLE_TESTABILITY = YES;
				GCC_C_LANGUAGE_STANDARD = gnu99;
				GCC_DYNAMIC_NO_PIC = NO;
				GCC_NO_COMMON_BLOCKS = YES;
				GCC_OPTIMIZATION_LEVEL = 0;
				GCC_PREPROCESSOR_DEFINITIONS = (
					"DEBUG=1",
					"$(inherited)",
				);
				GCC_WARN_64_TO_32_BIT_CONVERSION = YES;
				GCC_WARN_ABOUT_RETURN_TYPE = YES_ERROR;
				GCC_WARN_UNDECLARED_SELECTOR = YES;
				GCC_WARN_UNINITIALIZED_AUTOS = YES_AGGRESSIVE;
				GCC_WARN_UNUSED_FUNCTION = YES;
				GCC_WARN_UNUSED_VARIABLE = YES;
				IPHONEOS_DEPLOYMENT_TARGET = 10.3;
				MTL_ENABLE_DEBUG_INFO = YES;
				ONLY_ACTIVE_ARCH = YES;
				SDKROOT = iphoneos;
				SWIFT_ACTIVE_COMPILATION_CONDITIONS = DEBUG;
				SWIFT_OPTIMIZATION_LEVEL = "-Onone";
				TARGETED_DEVICE_FAMILY = "1,2";
			};
			name = Debug;
		};
		EB44F0DB1F119515009C8028 /* Release */ = {
			isa = XCBuildConfiguration;
			buildSettings = {
				ALWAYS_SEARCH_USER_PATHS = NO;
				CLANG_ANALYZER_NONNULL = YES;
				CLANG_ANALYZER_NUMBER_OBJECT_CONVERSION = YES_AGGRESSIVE;
				CLANG_CXX_LANGUAGE_STANDARD = "gnu++0x";
				CLANG_CXX_LIBRARY = "libc++";
				CLANG_ENABLE_MODULES = YES;
				CLANG_ENABLE_OBJC_ARC = YES;
				CLANG_WARN_BOOL_CONVERSION = YES;
				CLANG_WARN_CONSTANT_CONVERSION = YES;
				CLANG_WARN_DIRECT_OBJC_ISA_USAGE = YES_ERROR;
				CLANG_WARN_DOCUMENTATION_COMMENTS = YES;
				CLANG_WARN_EMPTY_BODY = YES;
				CLANG_WARN_ENUM_CONVERSION = YES;
				CLANG_WARN_INFINITE_RECURSION = YES;
				CLANG_WARN_INT_CONVERSION = YES;
				CLANG_WARN_OBJC_ROOT_CLASS = YES_ERROR;
				CLANG_WARN_SUSPICIOUS_MOVE = YES;
				CLANG_WARN_UNREACHABLE_CODE = YES;
				CLANG_WARN__DUPLICATE_METHOD_MATCH = YES;
				"CODE_SIGN_IDENTITY[sdk=iphoneos*]" = "iPhone Developer";
				COPY_PHASE_STRIP = NO;
				DEBUG_INFORMATION_FORMAT = "dwarf-with-dsym";
				ENABLE_NS_ASSERTIONS = NO;
				ENABLE_STRICT_OBJC_MSGSEND = YES;
				GCC_C_LANGUAGE_STANDARD = gnu99;
				GCC_NO_COMMON_BLOCKS = YES;
				GCC_WARN_64_TO_32_BIT_CONVERSION = YES;
				GCC_WARN_ABOUT_RETURN_TYPE = YES_ERROR;
				GCC_WARN_UNDECLARED_SELECTOR = YES;
				GCC_WARN_UNINITIALIZED_AUTOS = YES_AGGRESSIVE;
				GCC_WARN_UNUSED_FUNCTION = YES;
				GCC_WARN_UNUSED_VARIABLE = YES;
				IPHONEOS_DEPLOYMENT_TARGET = 10.3;
				MTL_ENABLE_DEBUG_INFO = NO;
				SDKROOT = iphoneos;
				SWIFT_OPTIMIZATION_LEVEL = "-Owholemodule";
				TARGETED_DEVICE_FAMILY = "1,2";
				VALIDATE_PRODUCT = YES;
			};
			name = Release;
		};
		EB44F0DD1F119515009C8028 /* Debug */ = {
			isa = XCBuildConfiguration;
			buildSettings = {
				ASSETCATALOG_COMPILER_APPICON_NAME = AppIcon;
				INFOPLIST_FILE = "Ideal-Octo-Invention/Info.plist";
				LD_RUNPATH_SEARCH_PATHS = "$(inherited) @executable_path/Frameworks";
				PRODUCT_BUNDLE_IDENTIFIER = "George-Heming.Ideal-Octo-Invention";
				PRODUCT_NAME = "$(TARGET_NAME)";
				SWIFT_VERSION = 3.0;
			};
			name = Debug;
		};
		EB44F0DE1F119515009C8028 /* Release */ = {
			isa = XCBuildConfiguration;
			buildSettings = {
				ASSETCATALOG_COMPILER_APPICON_NAME = AppIcon;
				INFOPLIST_FILE = "Ideal-Octo-Invention/Info.plist";
				LD_RUNPATH_SEARCH_PATHS = "$(inherited) @executable_path/Frameworks";
				PRODUCT_BUNDLE_IDENTIFIER = "George-Heming.Ideal-Octo-Invention";
				PRODUCT_NAME = "$(TARGET_NAME)";
				SWIFT_VERSION = 3.0;
			};
			name = Release;
		};
		EB44F0E01F119515009C8028 /* Debug */ = {
			isa = XCBuildConfiguration;
			buildSettings = {
				ALWAYS_EMBED_SWIFT_STANDARD_LIBRARIES = YES;
				BUNDLE_LOADER = "$(TEST_HOST)";
				INFOPLIST_FILE = "Ideal-Octo-InventionTests/Info.plist";
				LD_RUNPATH_SEARCH_PATHS = "$(inherited) @executable_path/Frameworks @loader_path/Frameworks";
				PRODUCT_BUNDLE_IDENTIFIER = "George-Heming.Ideal-Octo-InventionTests";
				PRODUCT_NAME = "$(TARGET_NAME)";
				SWIFT_VERSION = 3.0;
				TEST_HOST = "$(BUILT_PRODUCTS_DIR)/Ideal-Octo-Invention.app/Ideal-Octo-Invention";
			};
			name = Debug;
		};
		EB44F0E11F119515009C8028 /* Release */ = {
			isa = XCBuildConfiguration;
			buildSettings = {
				ALWAYS_EMBED_SWIFT_STANDARD_LIBRARIES = YES;
				BUNDLE_LOADER = "$(TEST_HOST)";
				INFOPLIST_FILE = "Ideal-Octo-InventionTests/Info.plist";
				LD_RUNPATH_SEARCH_PATHS = "$(inherited) @executable_path/Frameworks @loader_path/Frameworks";
				PRODUCT_BUNDLE_IDENTIFIER = "George-Heming.Ideal-Octo-InventionTests";
				PRODUCT_NAME = "$(TARGET_NAME)";
				SWIFT_VERSION = 3.0;
				TEST_HOST = "$(BUILT_PRODUCTS_DIR)/Ideal-Octo-Invention.app/Ideal-Octo-Invention";
			};
			name = Release;
		};
		EB44F0E31F119515009C8028 /* Debug */ = {
			isa = XCBuildConfiguration;
			buildSettings = {
				ALWAYS_EMBED_SWIFT_STANDARD_LIBRARIES = YES;
				INFOPLIST_FILE = "Ideal-Octo-InventionUITests/Info.plist";
				LD_RUNPATH_SEARCH_PATHS = "$(inherited) @executable_path/Frameworks @loader_path/Frameworks";
				PRODUCT_BUNDLE_IDENTIFIER = "George-Heming.Ideal-Octo-InventionUITests";
				PRODUCT_NAME = "$(TARGET_NAME)";
				SWIFT_VERSION = 3.0;
				TEST_TARGET_NAME = "Ideal-Octo-Invention";
			};
			name = Debug;
		};
		EB44F0E41F119515009C8028 /* Release */ = {
			isa = XCBuildConfiguration;
			buildSettings = {
				ALWAYS_EMBED_SWIFT_STANDARD_LIBRARIES = YES;
				INFOPLIST_FILE = "Ideal-Octo-InventionUITests/Info.plist";
				LD_RUNPATH_SEARCH_PATHS = "$(inherited) @executable_path/Frameworks @loader_path/Frameworks";
				PRODUCT_BUNDLE_IDENTIFIER = "George-Heming.Ideal-Octo-InventionUITests";
				PRODUCT_NAME = "$(TARGET_NAME)";
				SWIFT_VERSION = 3.0;
				TEST_TARGET_NAME = "Ideal-Octo-Invention";
			};
			name = Release;
		};
/* End XCBuildConfiguration section */

/* Begin XCConfigurationList section */
		EB44F0AF1F119514009C8028 /* Build configuration list for PBXProject "Ideal-Octo-Invention" */ = {
			isa = XCConfigurationList;
			buildConfigurations = (
				EB44F0DA1F119515009C8028 /* Debug */,
				EB44F0DB1F119515009C8028 /* Release */,
			);
			defaultConfigurationIsVisible = 0;
			defaultConfigurationName = Release;
		};
		EB44F0DC1F119515009C8028 /* Build configuration list for PBXNativeTarget "Ideal-Octo-Invention" */ = {
			isa = XCConfigurationList;
			buildConfigurations = (
				EB44F0DD1F119515009C8028 /* Debug */,
				EB44F0DE1F119515009C8028 /* Release */,
			);
			defaultConfigurationIsVisible = 0;
		};
		EB44F0DF1F119515009C8028 /* Build configuration list for PBXNativeTarget "Ideal-Octo-InventionTests" */ = {
			isa = XCConfigurationList;
			buildConfigurations = (
				EB44F0E01F119515009C8028 /* Debug */,
				EB44F0E11F119515009C8028 /* Release */,
			);
			defaultConfigurationIsVisible = 0;
		};
		EB44F0E21F119515009C8028 /* Build configuration list for PBXNativeTarget "Ideal-Octo-InventionUITests" */ = {
			isa = XCConfigurationList;
			buildConfigurations = (
				EB44F0E31F119515009C8028 /* Debug */,
				EB44F0E41F119515009C8028 /* Release */,
			);
			defaultConfigurationIsVisible = 0;
		};
/* End XCConfigurationList section */
	};
	rootObject = EB44F0AC1F119514009C8028 /* Project object */;
}
